
Microsoft Visual Studio Solution File, Format Version 12.00
# Visual Studio Version 16
VisualStudioVersion = 16.0.30011.22
MinimumVisualStudioVersion = 10.0.40219.1
Project("{8BC9CEB8-8B4A-11D0-8D11-00A0C91BC942}") = "SDLEngine", "SDLEngine.vcxproj", "{74DF2A95-4859-4E91-93AC-A944BBC5087F}"
EndProject
Global
	GlobalSection(SolutionConfigurationPlatforms) = preSolution
		Debug|x64 = Debug|x64
		Debug|x86 = Debug|x86
		Release|x64 = Release|x64
		Release|x86 = Release|x86
	EndGlobalSection
	GlobalSection(ProjectConfigurationPlatforms) = postSolution
		{74DF2A95-4859-4E91-93AC-A944BBC5087F}.Debug|x64.ActiveCfg = Debug|x64
		{74DF2A95-4859-4E91-93AC-A944BBC5087F}.Debug|x64.Build.0 = Debug|x64
		{74DF2A95-4859-4E91-93AC-A944BBC5087F}.Debug|x86.ActiveCfg = Debug|Win32
		{74DF2A95-4859-4E91-93AC-A944BBC5087F}.Debug|x86.Build.0 = Debug|Win32
		{74DF2A95-4859-4E91-93AC-A944BBC5087F}.Release|x64.ActiveCfg = Release|Win32
		{74DF2A95-4859-4E91-93AC-A944BBC5087F}.Release|x64.Build.0 = Release|Win32
		{74DF2A95-4859-4E91-93AC-A944BBC5087F}.Release|x86.ActiveCfg = Release|Win32
		{74DF2A95-4859-4E91-93AC-A944BBC5087F}.Release|x86.Build.0 = Release|Win32
	EndGlobalSection
	GlobalSection(SolutionProperties) = preSolution
		HideSolutionNode = FALSE
	EndGlobalSection
	GlobalSection(ExtensibilityGlobals) = postSolution
		SolutionGuid = {659B0BC9-AB37-4EF3-B3BB-1D49CB39BC43}
	EndGlobalSection
EndGlobal
